
Microsoft Visual Studio Solution File, Format Version 12.00
# Visual Studio 15
VisualStudioVersion = 15.0.27130.2026
MinimumVisualStudioVersion = 10.0.40219.1
Project("{FAE04EC0-301F-11D3-BF4B-00C04F79EFBC}") = "SampleUIStudy", "SampleUIStudy\SampleUIStudy.csproj", "{86405C0B-BEE1-4F6D-ACC9-52F3654062EE}"
EndProject
Global
	GlobalSection(SolutionConfigurationPlatforms) = preSolution
		Debug|Any CPU = Debug|Any CPU
		Release|Any CPU = Release|Any CPU
	EndGlobalSection
	GlobalSection(ProjectConfigurationPlatforms) = postSolution
		{86405C0B-BEE1-4F6D-ACC9-52F3654062EE}.Debug|Any CPU.ActiveCfg = Debug|Any CPU
		{86405C0B-BEE1-4F6D-ACC9-52F3654062EE}.Debug|Any CPU.Build.0 = Debug|Any CPU
		{86405C0B-BEE1-4F6D-ACC9-52F3654062EE}.Release|Any CPU.ActiveCfg = Release|Any CPU
		{86405C0B-BEE1-4F6D-ACC9-52F3654062EE}.Release|Any CPU.Build.0 = Release|Any CPU
	EndGlobalSection
	GlobalSection(SolutionProperties) = preSolution
		HideSolutionNode = FALSE
	EndGlobalSection
	GlobalSection(ExtensibilityGlobals) = postSolution
		SolutionGuid = {D1A994AE-C481-40FE-9F29-B542226718FF}
	EndGlobalSection
EndGlobal
